
Microsoft Visual Studio Solution File, Format Version 12.00
# Visual Studio Version 17
VisualStudioVersion = 17.5.002.0
MinimumVisualStudioVersion = 10.0.40219.1
Project("{9A19103F-16F7-4668-BE54-9A1E7A4F7556}") = "WebApplication2", "WebApplication2.csproj", "{563E168E-7140-4824-8CE7-D450459A3CC0}"
EndProject
Global
	GlobalSection(SolutionConfigurationPlatforms) = preSolution
		Debug|Any CPU = Debug|Any CPU
		Release|Any CPU = Release|Any CPU
	EndGlobalSection
	GlobalSection(ProjectConfigurationPlatforms) = postSolution
		{563E168E-7140-4824-8CE7-D450459A3CC0}.Debug|Any CPU.ActiveCfg = Debug|Any CPU
		{563E168E-7140-4824-8CE7-D450459A3CC0}.Debug|Any CPU.Build.0 = Debug|Any CPU
		{563E168E-7140-4824-8CE7-D450459A3CC0}.Release|Any CPU.ActiveCfg = Release|Any CPU
		{563E168E-7140-4824-8CE7-D450459A3CC0}.Release|Any CPU.Build.0 = Release|Any CPU
	EndGlobalSection
	GlobalSection(SolutionProperties) = preSolution
		HideSolutionNode = FALSE
	EndGlobalSection
	GlobalSection(ExtensibilityGlobals) = postSolution
		SolutionGuid = {3A2E7798-A73E-49B3-9410-A54118C93A2C}
	EndGlobalSection
EndGlobal
